
Microsoft Visual Studio Solution File, Format Version 11.00
# Visual Studio 2010
Project("{FAE04EC0-301F-11D3-BF4B-00C04F79EFBC}") = "Assembly-CSharp", "Assembly-CSharp.csproj", "{2D888478-0D33-3568-84DB-F3007DFFC455}"
EndProject
Project("{FAE04EC0-301F-11D3-BF4B-00C04F79EFBC}") = "Assembly-CSharp-Editor", "Assembly-CSharp-Editor.csproj", "{9F227C02-2EAD-8E16-D119-D831737AF487}"
EndProject
Global
	GlobalSection(SolutionConfigurationPlatforms) = preSolution
		Debug|Any CPU = Debug|Any CPU
		Release|Any CPU = Release|Any CPU
	EndGlobalSection
	GlobalSection(ProjectConfigurationPlatforms) = postSolution
		{2D888478-0D33-3568-84DB-F3007DFFC455}.Debug|Any CPU.ActiveCfg = Debug|Any CPU
		{2D888478-0D33-3568-84DB-F3007DFFC455}.Debug|Any CPU.Build.0 = Debug|Any CPU
		{2D888478-0D33-3568-84DB-F3007DFFC455}.Release|Any CPU.ActiveCfg = Release|Any CPU
		{2D888478-0D33-3568-84DB-F3007DFFC455}.Release|Any CPU.Build.0 = Release|Any CPU
		{9F227C02-2EAD-8E16-D119-D831737AF487}.Debug|Any CPU.ActiveCfg = Debug|Any CPU
		{9F227C02-2EAD-8E16-D119-D831737AF487}.Debug|Any CPU.Build.0 = Debug|Any CPU
		{9F227C02-2EAD-8E16-D119-D831737AF487}.Release|Any CPU.ActiveCfg = Release|Any CPU
		{9F227C02-2EAD-8E16-D119-D831737AF487}.Release|Any CPU.Build.0 = Release|Any CPU
	EndGlobalSection
	GlobalSection(SolutionProperties) = preSolution
		HideSolutionNode = FALSE
	EndGlobalSection
EndGlobal
